
Microsoft Visual Studio Solution File, Format Version 12.00
# Visual Studio Version 16
VisualStudioVersion = 16.0.29418.71
MinimumVisualStudioVersion = 10.0.40219.1
Project("{FAE04EC0-301F-11D3-BF4B-00C04F79EFBC}") = "Mart Management System", "Mart Management System\Mart Management System.csproj", "{9020EBDB-3CD3-4A80-89BC-19109BDA04B7}"
EndProject
Global
	GlobalSection(SolutionConfigurationPlatforms) = preSolution
		Debug|Any CPU = Debug|Any CPU
		Release|Any CPU = Release|Any CPU
	EndGlobalSection
	GlobalSection(ProjectConfigurationPlatforms) = postSolution
		{9020EBDB-3CD3-4A80-89BC-19109BDA04B7}.Debug|Any CPU.ActiveCfg = Debug|Any CPU
		{9020EBDB-3CD3-4A80-89BC-19109BDA04B7}.Debug|Any CPU.Build.0 = Debug|Any CPU
		{9020EBDB-3CD3-4A80-89BC-19109BDA04B7}.Release|Any CPU.ActiveCfg = Release|Any CPU
		{9020EBDB-3CD3-4A80-89BC-19109BDA04B7}.Release|Any CPU.Build.0 = Release|Any CPU
	EndGlobalSection
	GlobalSection(SolutionProperties) = preSolution
		HideSolutionNode = FALSE
	EndGlobalSection
	GlobalSection(ExtensibilityGlobals) = postSolution
		SolutionGuid = {47591D3C-615C-4CB9-8B38-7DD58AA639BD}
	EndGlobalSection
EndGlobal
